
Microsoft Visual Studio Solution File, Format Version 12.00
# Visual Studio 14
VisualStudioVersion = 14.0.25420.1
MinimumVisualStudioVersion = 10.0.40219.1
Project("{2150E333-8FDC-42A3-9474-1A3956D46DE8}") = "Solution Items", "Solution Items", "{F7333FE4-B5FB-463E-A1DF-7B95405AE755}"
	ProjectSection(SolutionItems) = preProject
		build.bat = build.bat
		ColorCode.msbuild = ColorCode.msbuild
		GlobalAssemblyInfo.cs = GlobalAssemblyInfo.cs
	EndProjectSection
EndProject
Project("{FAE04EC0-301F-11D3-BF4B-00C04F79EFBC}") = "ColorCode.AcceptanceTests", "ColorCode.AcceptanceTests\ColorCode.AcceptanceTests.csproj", "{B25E2B63-11CB-4F5C-AADE-99278AC8DCAC}"
EndProject
Project("{FAE04EC0-301F-11D3-BF4B-00C04F79EFBC}") = "ColorCode.Facts", "ColorCode.Facts\ColorCode.Facts.csproj", "{87A33AAD-7496-4C6A-9D3A-258276A97188}"
EndProject
Project("{FAE04EC0-301F-11D3-BF4B-00C04F79EFBC}") = "ColorCode", "ColorCode\ColorCode.csproj", "{DC3DF40C-0423-415B-8D29-AD2AE062C34D}"
EndProject
Global
	GlobalSection(SolutionConfigurationPlatforms) = preSolution
		Debug|Any CPU = Debug|Any CPU
		Release|Any CPU = Release|Any CPU
	EndGlobalSection
	GlobalSection(ProjectConfigurationPlatforms) = postSolution
		{B25E2B63-11CB-4F5C-AADE-99278AC8DCAC}.Debug|Any CPU.ActiveCfg = Debug|Any CPU
		{B25E2B63-11CB-4F5C-AADE-99278AC8DCAC}.Debug|Any CPU.Build.0 = Debug|Any CPU
		{B25E2B63-11CB-4F5C-AADE-99278AC8DCAC}.Release|Any CPU.ActiveCfg = Release|Any CPU
		{B25E2B63-11CB-4F5C-AADE-99278AC8DCAC}.Release|Any CPU.Build.0 = Release|Any CPU
		{87A33AAD-7496-4C6A-9D3A-258276A97188}.Debug|Any CPU.ActiveCfg = Debug|Any CPU
		{87A33AAD-7496-4C6A-9D3A-258276A97188}.Debug|Any CPU.Build.0 = Debug|Any CPU
		{87A33AAD-7496-4C6A-9D3A-258276A97188}.Release|Any CPU.ActiveCfg = Release|Any CPU
		{87A33AAD-7496-4C6A-9D3A-258276A97188}.Release|Any CPU.Build.0 = Release|Any CPU
		{DC3DF40C-0423-415B-8D29-AD2AE062C34D}.Debug|Any CPU.ActiveCfg = Debug|Any CPU
		{DC3DF40C-0423-415B-8D29-AD2AE062C34D}.Debug|Any CPU.Build.0 = Debug|Any CPU
		{DC3DF40C-0423-415B-8D29-AD2AE062C34D}.Release|Any CPU.ActiveCfg = Release|Any CPU
		{DC3DF40C-0423-415B-8D29-AD2AE062C34D}.Release|Any CPU.Build.0 = Release|Any CPU
	EndGlobalSection
	GlobalSection(SolutionProperties) = preSolution
		HideSolutionNode = FALSE
	EndGlobalSection
EndGlobal
